// !$*UTF8*$!
{
	archiveVersion = 1;
	classes = {
	};
	objectVersion = 50;
	objects = {

/* Begin PBXBuildFile section */
		9900EFB823F2C36F00231FEF /* MenuDetailViewController.swift in Sources */ = {isa = PBXBuildFile; fileRef = 9900EFB723F2C36F00231FEF /* MenuDetailViewController.swift */; };
		9900EFBA23F2D86700231FEF /* MenuDetailTableViewCell.swift in Sources */ = {isa = PBXBuildFile; fileRef = 9900EFB923F2D86700231FEF /* MenuDetailTableViewCell.swift */; };
		996AC97523F934B5007FD5FB /* MapViewController.swift in Sources */ = {isa = PBXBuildFile; fileRef = 996AC97423F934B5007FD5FB /* MapViewController.swift */; };
		996AC97823F93678007FD5FB /* MapKit.framework in Frameworks */ = {isa = PBXBuildFile; fileRef = 996AC97723F93678007FD5FB /* MapKit.framework */; };
		997AA45323F14E540091B7EC /* AppDelegate.swift in Sources */ = {isa = PBXBuildFile; fileRef = 997AA45223F14E540091B7EC /* AppDelegate.swift */; };
		997AA45823F14E550091B7EC /* Main.storyboard in Resources */ = {isa = PBXBuildFile; fileRef = 997AA45623F14E550091B7EC /* Main.storyboard */; };
		997AA45A23F14E580091B7EC /* Assets.xcassets in Resources */ = {isa = PBXBuildFile; fileRef = 997AA45923F14E580091B7EC /* Assets.xcassets */; };
		997AA45D23F14E580091B7EC /* LaunchScreen.storyboard in Resources */ = {isa = PBXBuildFile; fileRef = 997AA45B23F14E580091B7EC /* LaunchScreen.storyboard */; };
		997AA46523F14EEB0091B7EC /* Menu.swift in Sources */ = {isa = PBXBuildFile; fileRef = 997AA46423F14EEB0091B7EC /* Menu.swift */; };
		99C6419923F1517400F6BB93 /* MenuTableViewController.swift in Sources */ = {isa = PBXBuildFile; fileRef = 99C6419823F1517400F6BB93 /* MenuTableViewController.swift */; };
		99F739CC23FC8F8D00324FB9 /* NewMenuTableViewController.swift in Sources */ = {isa = PBXBuildFile; fileRef = 99F739CB23FC8F8D00324FB9 /* NewMenuTableViewController.swift */; };
		99F7635223F17F5600624FD0 /* MenuTableViewCell.swift in Sources */ = {isa = PBXBuildFile; fileRef = 99F7635123F17F5600624FD0 /* MenuTableViewCell.swift */; };
		99FEA71923F4C10300857D5E /* RateViewController.swift in Sources */ = {isa = PBXBuildFile; fileRef = 99FEA71823F4C10300857D5E /* RateViewController.swift */; };
/* End PBXBuildFile section */

/* Begin PBXFileReference section */
		9900EFB723F2C36F00231FEF /* MenuDetailViewController.swift */ = {isa = PBXFileReference; lastKnownFileType = sourcecode.swift; path = MenuDetailViewController.swift; sourceTree = "<group>"; };
		9900EFB923F2D86700231FEF /* MenuDetailTableViewCell.swift */ = {isa = PBXFileReference; lastKnownFileType = sourcecode.swift; path = MenuDetailTableViewCell.swift; sourceTree = "<group>"; };
		996AC97423F934B5007FD5FB /* MapViewController.swift */ = {isa = PBXFileReference; lastKnownFileType = sourcecode.swift; path = MapViewController.swift; sourceTree = "<group>"; };
		996AC97723F93678007FD5FB /* MapKit.framework */ = {isa = PBXFileReference; lastKnownFileType = wrapper.framework; name = MapKit.framework; path = System/Library/Frameworks/MapKit.framework; sourceTree = SDKROOT; };
		997AA44F23F14E540091B7EC /* Menu.app */ = {isa = PBXFileReference; explicitFileType = wrapper.application; includeInIndex = 0; path = Menu.app; sourceTree = BUILT_PRODUCTS_DIR; };
		997AA45223F14E540091B7EC /* AppDelegate.swift */ = {isa = PBXFileReference; lastKnownFileType = sourcecode.swift; path = AppDelegate.swift; sourceTree = "<group>"; };
		997AA45723F14E550091B7EC /* Base */ = {isa = PBXFileReference; lastKnownFileType = file.storyboard; name = Base; path = Base.lproj/Main.storyboard; sourceTree = "<group>"; };
		997AA45923F14E580091B7EC /* Assets.xcassets */ = {isa = PBXFileReference; lastKnownFileType = folder.assetcatalog; path = Assets.xcassets; sourceTree = "<group>"; };
		997AA45C23F14E580091B7EC /* Base */ = {isa = PBXFileReference; lastKnownFileType = file.storyboard; name = Base; path = Base.lproj/LaunchScreen.storyboard; sourceTree = "<group>"; };
		997AA45E23F14E580091B7EC /* Info.plist */ = {isa = PBXFileReference; lastKnownFileType = text.plist.xml; path = Info.plist; sourceTree = "<group>"; };
		997AA46423F14EEB0091B7EC /* Menu.swift */ = {isa = PBXFileReference; lastKnownFileType = sourcecode.swift; path = Menu.swift; sourceTree = "<group>"; };
		99C6419823F1517400F6BB93 /* MenuTableViewController.swift */ = {isa = PBXFileReference; lastKnownFileType = sourcecode.swift; path = MenuTableViewController.swift; sourceTree = "<group>"; };
		99F739CB23FC8F8D00324FB9 /* NewMenuTableViewController.swift */ = {isa = PBXFileReference; lastKnownFileType = sourcecode.swift; path = NewMenuTableViewController.swift; sourceTree = "<group>"; };
		99F7635123F17F5600624FD0 /* MenuTableViewCell.swift */ = {isa = PBXFileReference; lastKnownFileType = sourcecode.swift; path = MenuTableViewCell.swift; sourceTree = "<group>"; };
		99FEA71823F4C10300857D5E /* RateViewController.swift */ = {isa = PBXFileReference; lastKnownFileType = sourcecode.swift; path = RateViewController.swift; sourceTree = "<group>"; };
/* End PBXFileReference section */

/* Begin PBXFrameworksBuildPhase section */
		997AA44C23F14E540091B7EC /* Frameworks */ = {
			isa = PBXFrameworksBuildPhase;
			buildActionMask = 2147483647;
			files = (
				996AC97823F93678007FD5FB /* MapKit.framework in Frameworks */,
			);
			runOnlyForDeploymentPostprocessing = 0;
		};
/* End PBXFrameworksBuildPhase section */

/* Begin PBXGroup section */
		9900EFBB23F2D87C00231FEF /* Detail */ = {
			isa = PBXGroup;
			children = (
				9900EFB723F2C36F00231FEF /* MenuDetailViewController.swift */,
				9900EFB923F2D86700231FEF /* MenuDetailTableViewCell.swift */,
			);
			path = Detail;
			sourceTree = "<group>";
		};
		9900EFBC23F2DFC000231FEF /* List */ = {
			isa = PBXGroup;
			children = (
				99C6419823F1517400F6BB93 /* MenuTableViewController.swift */,
				99F7635123F17F5600624FD0 /* MenuTableViewCell.swift */,
			);
			path = List;
			sourceTree = "<group>";
		};
		996AC97323F93470007FD5FB /* Map */ = {
			isa = PBXGroup;
			children = (
				996AC97423F934B5007FD5FB /* MapViewController.swift */,
			);
			path = Map;
			sourceTree = "<group>";
		};
		996AC97623F93678007FD5FB /* Frameworks */ = {
			isa = PBXGroup;
			children = (
				996AC97723F93678007FD5FB /* MapKit.framework */,
			);
			name = Frameworks;
			sourceTree = "<group>";
		};
		997AA44623F14E540091B7EC = {
			isa = PBXGroup;
			children = (
				997AA45123F14E540091B7EC /* Menu */,
				997AA45023F14E540091B7EC /* Products */,
				996AC97623F93678007FD5FB /* Frameworks */,
			);
			sourceTree = "<group>";
		};
		997AA45023F14E540091B7EC /* Products */ = {
			isa = PBXGroup;
			children = (
				997AA44F23F14E540091B7EC /* Menu.app */,
			);
			name = Products;
			sourceTree = "<group>";
		};
		997AA45123F14E540091B7EC /* Menu */ = {
			isa = PBXGroup;
			children = (
				997AA45223F14E540091B7EC /* AppDelegate.swift */,
				997AA46423F14EEB0091B7EC /* Menu.swift */,
				9900EFBC23F2DFC000231FEF /* List */,
				9900EFBB23F2D87C00231FEF /* Detail */,
				99FEA71A23F4C10E00857D5E /* Rate */,
				996AC97323F93470007FD5FB /* Map */,
				99F739CA23FC8F3B00324FB9 /* New */,
				997AA45623F14E550091B7EC /* Main.storyboard */,
				997AA45923F14E580091B7EC /* Assets.xcassets */,
				997AA45B23F14E580091B7EC /* LaunchScreen.storyboard */,
				997AA45E23F14E580091B7EC /* Info.plist */,
			);
			path = Menu;
			sourceTree = "<group>";
		};
		99F739CA23FC8F3B00324FB9 /* New */ = {
			isa = PBXGroup;
			children = (
				99F739CB23FC8F8D00324FB9 /* NewMenuTableViewController.swift */,
			);
			path = New;
			sourceTree = "<group>";
		};
		99FEA71A23F4C10E00857D5E /* Rate */ = {
			isa = PBXGroup;
			children = (
				99FEA71823F4C10300857D5E /* RateViewController.swift */,
			);
			path = Rate;
			sourceTree = "<group>";
		};
/* End PBXGroup section */

/* Begin PBXNativeTarget section */
		997AA44E23F14E540091B7EC /* Menu */ = {
			isa = PBXNativeTarget;
			buildConfigurationList = 997AA46123F14E580091B7EC /* Build configuration list for PBXNativeTarget "Menu" */;
			buildPhases = (
				997AA44B23F14E540091B7EC /* Sources */,
				997AA44C23F14E540091B7EC /* Frameworks */,
				997AA44D23F14E540091B7EC /* Resources */,
			);
			buildRules = (
			);
			dependencies = (
			);
			name = Menu;
			productName = Menu;
			productReference = 997AA44F23F14E540091B7EC /* Menu.app */;
			productType = "com.apple.product-type.application";
		};
/* End PBXNativeTarget section */

/* Begin PBXProject section */
		997AA44723F14E540091B7EC /* Project object */ = {
			isa = PBXProject;
			attributes = {
				LastSwiftUpdateCheck = 1010;
				LastUpgradeCheck = 1010;
				ORGANIZATIONNAME = Lucifer;
				TargetAttributes = {
					997AA44E23F14E540091B7EC = {
						CreatedOnToolsVersion = 10.1;
						SystemCapabilities = {
							com.apple.Maps.iOS = {
								enabled = 1;
							};
						};
					};
				};
			};
			buildConfigurationList = 997AA44A23F14E540091B7EC /* Build configuration list for PBXProject "Menu" */;
			compatibilityVersion = "Xcode 9.3";
			developmentRegion = en;
			hasScannedForEncodings = 0;
			knownRegions = (
				en,
				Base,
			);
			mainGroup = 997AA44623F14E540091B7EC;
			productRefGroup = 997AA45023F14E540091B7EC /* Products */;
			projectDirPath = "";
			projectRoot = "";
			targets = (
				997AA44E23F14E540091B7EC /* Menu */,
			);
		};
/* End PBXProject section */

/* Begin PBXResourcesBuildPhase section */
		997AA44D23F14E540091B7EC /* Resources */ = {
			isa = PBXResourcesBuildPhase;
			buildActionMask = 2147483647;
			files = (
				997AA45D23F14E580091B7EC /* LaunchScreen.storyboard in Resources */,
				997AA45A23F14E580091B7EC /* Assets.xcassets in Resources */,
				997AA45823F14E550091B7EC /* Main.storyboard in Resources */,
			);
			runOnlyForDeploymentPostprocessing = 0;
		};
/* End PBXResourcesBuildPhase section */

/* Begin PBXSourcesBuildPhase section */
		997AA44B23F14E540091B7EC /* Sources */ = {
			isa = PBXSourcesBuildPhase;
			buildActionMask = 2147483647;
			files = (
				997AA46523F14EEB0091B7EC /* Menu.swift in Sources */,
				9900EFB823F2C36F00231FEF /* MenuDetailViewController.swift in Sources */,
				997AA45323F14E540091B7EC /* AppDelegate.swift in Sources */,
				99F7635223F17F5600624FD0 /* MenuTableViewCell.swift in Sources */,
				99C6419923F1517400F6BB93 /* MenuTableViewController.swift in Sources */,
				9900EFBA23F2D86700231FEF /* MenuDetailTableViewCell.swift in Sources */,
				99FEA71923F4C10300857D5E /* RateViewController.swift in Sources */,
				996AC97523F934B5007FD5FB /* MapViewController.swift in Sources */,
				99F739CC23FC8F8D00324FB9 /* NewMenuTableViewController.swift in Sources */,
			);
			runOnlyForDeploymentPostprocessing = 0;
		};
/* End PBXSourcesBuildPhase section */

/* Begin PBXVariantGroup section */
		997AA45623F14E550091B7EC /* Main.storyboard */ = {
			isa = PBXVariantGroup;
			children = (
				997AA45723F14E550091B7EC /* Base */,
			);
			name = Main.storyboard;
			sourceTree = "<group>";
		};
		997AA45B23F14E580091B7EC /* LaunchScreen.storyboard */ = {
			isa = PBXVariantGroup;
			children = (
				997AA45C23F14E580091B7EC /* Base */,
			);
			name = LaunchScreen.storyboard;
			sourceTree = "<group>";
		};
/* End PBXVariantGroup section */

/* Begin XCBuildConfiguration section */
		997AA45F23F14E580091B7EC /* Debug */ = {
			isa = XCBuildConfiguration;
			buildSettings = {
				ALWAYS_SEARCH_USER_PATHS = NO;
				CLANG_ANALYZER_NONNULL = YES;
				CLANG_ANALYZER_NUMBER_OBJECT_CONVERSION = YES_AGGRESSIVE;
				CLANG_CXX_LANGUAGE_STANDARD = "gnu++14";
				CLANG_CXX_LIBRARY = "libc++";
				CLANG_ENABLE_MODULES = YES;
				CLANG_ENABLE_OBJC_ARC = YES;
				CLANG_ENABLE_OBJC_WEAK = YES;
				CLANG_WARN_BLOCK_CAPTURE_AUTORELEASING = YES;
				CLANG_WARN_BOOL_CONVERSION = YES;
				CLANG_WARN_COMMA = YES;
				CLANG_WARN_CONSTANT_CONVERSION = YES;
				CLANG_WARN_DEPRECATED_OBJC_IMPLEMENTATIONS = YES;
				CLANG_WARN_DIRECT_OBJC_ISA_USAGE = YES_ERROR;
				CLANG_WARN_DOCUMENTATION_COMMENTS = YES;
				CLANG_WARN_EMPTY_BODY = YES;
				CLANG_WARN_ENUM_CONVERSION = YES;
				CLANG_WARN_INFINITE_RECURSION = YES;
				CLANG_WARN_INT_CONVERSION = YES;
				CLANG_WARN_NON_LITERAL_NULL_CONVERSION = YES;
				CLANG_WARN_OBJC_IMPLICIT_RETAIN_SELF = YES;
				CLANG_WARN_OBJC_LITERAL_CONVERSION = YES;
				CLANG_WARN_OBJC_ROOT_CLASS = YES_ERROR;
				CLANG_WARN_RANGE_LOOP_ANALYSIS = YES;
				CLANG_WARN_STRICT_PROTOTYPES = YES;
				CLANG_WARN_SUSPICIOUS_MOVE = YES;
				CLANG_WARN_UNGUARDED_AVAILABILITY = YES_AGGRESSIVE;
				CLANG_WARN_UNREACHABLE_CODE = YES;
				CLANG_WARN__DUPLICATE_METHOD_MATCH = YES;
				CODE_SIGN_IDENTITY = "iPhone Developer";
				COPY_PHASE_STRIP = NO;
				DEBUG_INFORMATION_FORMAT = dwarf;
				ENABLE_STRICT_OBJC_MSGSEND = YES;
				ENABLE_TESTABILITY = YES;
				GCC_C_LANGUAGE_STANDARD = gnu11;
				GCC_DYNAMIC_NO_PIC = NO;
				GCC_NO_COMMON_BLOCKS = YES;
				GCC_OPTIMIZATION_LEVEL = 0;
				GCC_PREPROCESSOR_DEFINITIONS = (
					"DEBUG=1",
					"$(inherited)",
				);
				GCC_WARN_64_TO_32_BIT_CONVERSION = YES;
				GCC_WARN_ABOUT_RETURN_TYPE = YES_ERROR;
				GCC_WARN_UNDECLARED_SELECTOR = YES;
				GCC_WARN_UNINITIALIZED_AUTOS = YES_AGGRESSIVE;
				GCC_WARN_UNUSED_FUNCTION = YES;
				GCC_WARN_UNUSED_VARIABLE = YES;
				IPHONEOS_DEPLOYMENT_TARGET = 12.1;
				MTL_ENABLE_DEBUG_INFO = INCLUDE_SOURCE;
				MTL_FAST_MATH = YES;
				ONLY_ACTIVE_ARCH = YES;
				SDKROOT = iphoneos;
				SWIFT_ACTIVE_COMPILATION_CONDITIONS = DEBUG;
				SWIFT_OPTIMIZATION_LEVEL = "-Onone";
			};
			name = Debug;
		};
		997AA46023F14E580091B7EC /* Release */ = {
			isa = XCBuildConfiguration;
			buildSettings = {
				ALWAYS_SEARCH_USER_PATHS = NO;
				CLANG_ANALYZER_NONNULL = YES;
				CLANG_ANALYZER_NUMBER_OBJECT_CONVERSION = YES_AGGRESSIVE;
				CLANG_CXX_LANGUAGE_STANDARD = "gnu++14";
				CLANG_CXX_LIBRARY = "libc++";
				CLANG_ENABLE_MODULES = YES;
				CLANG_ENABLE_OBJC_ARC = YES;
				CLANG_ENABLE_OBJC_WEAK = YES;
				CLANG_WARN_BLOCK_CAPTURE_AUTORELEASING = YES;
				CLANG_WARN_BOOL_CONVERSION = YES;
				CLANG_WARN_COMMA = YES;
				CLANG_WARN_CONSTANT_CONVERSION = YES;
				CLANG_WARN_DEPRECATED_OBJC_IMPLEMENTATIONS = YES;
				CLANG_WARN_DIRECT_OBJC_ISA_USAGE = YES_ERROR;
				CLANG_WARN_DOCUMENTATION_COMMENTS = YES;
				CLANG_WARN_EMPTY_BODY = YES;
				CLANG_WARN_ENUM_CONVERSION = YES;
				CLANG_WARN_INFINITE_RECURSION = YES;
				CLANG_WARN_INT_CONVERSION = YES;
				CLANG_WARN_NON_LITERAL_NULL_CONVERSION = YES;
				CLANG_WARN_OBJC_IMPLICIT_RETAIN_SELF = YES;
				CLANG_WARN_OBJC_LITERAL_CONVERSION = YES;
				CLANG_WARN_OBJC_ROOT_CLASS = YES_ERROR;
				CLANG_WARN_RANGE_LOOP_ANALYSIS = YES;
				CLANG_WARN_STRICT_PROTOTYPES = YES;
				CLANG_WARN_SUSPICIOUS_MOVE = YES;
				CLANG_WARN_UNGUARDED_AVAILABILITY = YES_AGGRESSIVE;
				CLANG_WARN_UNREACHABLE_CODE = YES;
				CLANG_WARN__DUPLICATE_METHOD_MATCH = YES;
				CODE_SIGN_IDENTITY = "iPhone Developer";
				COPY_PHASE_STRIP = NO;
				DEBUG_INFORMATION_FORMAT = "dwarf-with-dsym";
				ENABLE_NS_ASSERTIONS = NO;
				ENABLE_STRICT_OBJC_MSGSEND = YES;
				GCC_C_LANGUAGE_STANDARD = gnu11;
				GCC_NO_COMMON_BLOCKS = YES;
				GCC_WARN_64_TO_32_BIT_CONVERSION = YES;
				GCC_WARN_ABOUT_RETURN_TYPE = YES_ERROR;
				GCC_WARN_UNDECLARED_SELECTOR = YES;
				GCC_WARN_UNINITIALIZED_AUTOS = YES_AGGRESSIVE;
				GCC_WARN_UNUSED_FUNCTION = YES;
				GCC_WARN_UNUSED_VARIABLE = YES;
				IPHONEOS_DEPLOYMENT_TARGET = 12.1;
				MTL_ENABLE_DEBUG_INFO = NO;
				MTL_FAST_MATH = YES;
				SDKROOT = iphoneos;
				SWIFT_COMPILATION_MODE = wholemodule;
				SWIFT_OPTIMIZATION_LEVEL = "-O";
				VALIDATE_PRODUCT = YES;
			};
			name = Release;
		};
		997AA46223F14E580091B7EC /* Debug */ = {
			isa = XCBuildConfiguration;
			buildSettings = {
				ASSETCATALOG_COMPILER_APPICON_NAME = AppIcon;
				CODE_SIGN_STYLE = Automatic;
				INFOPLIST_FILE = Menu/Info.plist;
				LD_RUNPATH_SEARCH_PATHS = (
					"$(inherited)",
					"@executable_path/Frameworks",
				);
				PRODUCT_BUNDLE_IDENTIFIER = shoxruz.Menu;
				PRODUCT_NAME = "$(TARGET_NAME)";
				SWIFT_VERSION = 4.2;
				TARGETED_DEVICE_FAMILY = 1;
			};
			name = Debug;
		};
		997AA46323F14E580091B7EC /* Release */ = {
			isa = XCBuildConfiguration;
			buildSettings = {
				ASSETCATALOG_COMPILER_APPICON_NAME = AppIcon;
				CODE_SIGN_STYLE = Automatic;
				INFOPLIST_FILE = Menu/Info.plist;
				LD_RUNPATH_SEARCH_PATHS = (
					"$(inherited)",
					"@executable_path/Frameworks",
				);
				PRODUCT_BUNDLE_IDENTIFIER = shoxruz.Menu;
				PRODUCT_NAME = "$(TARGET_NAME)";
				SWIFT_VERSION = 4.2;
				TARGETED_DEVICE_FAMILY = 1;
			};
			name = Release;
		};
/* End XCBuildConfiguration section */

/* Begin XCConfigurationList section */
		997AA44A23F14E540091B7EC /* Build configuration list for PBXProject "Menu" */ = {
			isa = XCConfigurationList;
			buildConfigurations = (
				997AA45F23F14E580091B7EC /* Debug */,
				997AA46023F14E580091B7EC /* Release */,
			);
			defaultConfigurationIsVisible = 0;
			defaultConfigurationName = Release;
		};
		997AA46123F14E580091B7EC /* Build configuration list for PBXNativeTarget "Menu" */ = {
			isa = XCConfigurationList;
			buildConfigurations = (
				997AA46223F14E580091B7EC /* Debug */,
				997AA46323F14E580091B7EC /* Release */,
			);
			defaultConfigurationIsVisible = 0;
			defaultConfigurationName = Release;
		};
/* End XCConfigurationList section */
	};
	rootObject = 997AA44723F14E540091B7EC /* Project object */;
}
